
Microsoft Visual Studio Solution File, Format Version 12.00
# Visual Studio Version 17
VisualStudioVersion = 17.0.31903.59
MinimumVisualStudioVersion = 10.0.40219.1
Project("{9A19103F-16F7-4668-BE54-9A1E7A4F7556}") = "BlazorServer", "BlazorServer\BlazorServer.csproj", "{8762262D-B8AB-4CF9-BE76-BD91E0BF0DA2}"
EndProject
Project("{9A19103F-16F7-4668-BE54-9A1E7A4F7556}") = "DbMigration.Common", "DbMigration.Common\DbMigration.Common.csproj", "{9CA48A0B-0BEE-44F6-BAE3-BB83F36C738A}"
EndProject
Global
	GlobalSection(SolutionConfigurationPlatforms) = preSolution
		Debug|Any CPU = Debug|Any CPU
		Release|Any CPU = Release|Any CPU
	EndGlobalSection
	GlobalSection(ProjectConfigurationPlatforms) = postSolution
		{8762262D-B8AB-4CF9-BE76-BD91E0BF0DA2}.Debug|Any CPU.ActiveCfg = Debug|Any CPU
		{8762262D-B8AB-4CF9-BE76-BD91E0BF0DA2}.Debug|Any CPU.Build.0 = Debug|Any CPU
		{8762262D-B8AB-4CF9-BE76-BD91E0BF0DA2}.Release|Any CPU.ActiveCfg = Release|Any CPU
		{8762262D-B8AB-4CF9-BE76-BD91E0BF0DA2}.Release|Any CPU.Build.0 = Release|Any CPU
		{9CA48A0B-0BEE-44F6-BAE3-BB83F36C738A}.Debug|Any CPU.ActiveCfg = Debug|Any CPU
		{9CA48A0B-0BEE-44F6-BAE3-BB83F36C738A}.Debug|Any CPU.Build.0 = Debug|Any CPU
		{9CA48A0B-0BEE-44F6-BAE3-BB83F36C738A}.Release|Any CPU.ActiveCfg = Release|Any CPU
		{9CA48A0B-0BEE-44F6-BAE3-BB83F36C738A}.Release|Any CPU.Build.0 = Release|Any CPU
	EndGlobalSection
	GlobalSection(SolutionProperties) = preSolution
		HideSolutionNode = FALSE
	EndGlobalSection
	GlobalSection(ExtensibilityGlobals) = postSolution
		SolutionGuid = {984F7FDD-300A-41A8-ABF3-58BF68FCC001}
	EndGlobalSection
EndGlobal
